
Microsoft Visual Studio Solution File, Format Version 12.00
# Visual Studio 2013
VisualStudioVersion = 12.0.21005.1
MinimumVisualStudioVersion = 10.0.40219.1
Project("{FAE04EC0-301F-11D3-BF4B-00C04F79EFBC}") = "GameOfLife", "GameOfLife\GameOfLife.csproj", "{AC507A60-60E8-4BD7-A289-75AD6951A9B9}"
EndProject
Project("{2150E333-8FDC-42A3-9474-1A3956D46DE8}") = ".nuget", ".nuget", "{FED103E1-664A-40D8-9D8F-662A0F2EE28B}"
	ProjectSection(SolutionItems) = preProject
		.nuget\NuGet.Config = .nuget\NuGet.Config
		.nuget\NuGet.exe = .nuget\NuGet.exe
		.nuget\NuGet.targets = .nuget\NuGet.targets
	EndProjectSection
EndProject
Global
	GlobalSection(SolutionConfigurationPlatforms) = preSolution
		Debug|Any CPU = Debug|Any CPU
		Release|Any CPU = Release|Any CPU
	EndGlobalSection
	GlobalSection(ProjectConfigurationPlatforms) = postSolution
		{AC507A60-60E8-4BD7-A289-75AD6951A9B9}.Debug|Any CPU.ActiveCfg = Debug|Any CPU
		{AC507A60-60E8-4BD7-A289-75AD6951A9B9}.Debug|Any CPU.Build.0 = Debug|Any CPU
		{AC507A60-60E8-4BD7-A289-75AD6951A9B9}.Release|Any CPU.ActiveCfg = Release|Any CPU
		{AC507A60-60E8-4BD7-A289-75AD6951A9B9}.Release|Any CPU.Build.0 = Release|Any CPU
	EndGlobalSection
	GlobalSection(SolutionProperties) = preSolution
		HideSolutionNode = FALSE
	EndGlobalSection
EndGlobal
